
Microsoft Visual Studio Solution File, Format Version 12.00
# Visual Studio Version 17
VisualStudioVersion = 17.8.34525.116
MinimumVisualStudioVersion = 10.0.40219.1
Project("{FAE04EC0-301F-11D3-BF4B-00C04F79EFBC}") = "MauiAppMeuCombustivel2", "MauiAppMeuCombustivel2\MauiAppMeuCombustivel2.csproj", "{E949AAA9-88E9-453F-9F56-1AE71A92A0C4}"
EndProject
Global
	GlobalSection(SolutionConfigurationPlatforms) = preSolution
		Debug|Any CPU = Debug|Any CPU
		Release|Any CPU = Release|Any CPU
	EndGlobalSection
	GlobalSection(ProjectConfigurationPlatforms) = postSolution
		{E949AAA9-88E9-453F-9F56-1AE71A92A0C4}.Debug|Any CPU.ActiveCfg = Debug|Any CPU
		{E949AAA9-88E9-453F-9F56-1AE71A92A0C4}.Debug|Any CPU.Build.0 = Debug|Any CPU
		{E949AAA9-88E9-453F-9F56-1AE71A92A0C4}.Debug|Any CPU.Deploy.0 = Debug|Any CPU
		{E949AAA9-88E9-453F-9F56-1AE71A92A0C4}.Release|Any CPU.ActiveCfg = Release|Any CPU
		{E949AAA9-88E9-453F-9F56-1AE71A92A0C4}.Release|Any CPU.Build.0 = Release|Any CPU
		{E949AAA9-88E9-453F-9F56-1AE71A92A0C4}.Release|Any CPU.Deploy.0 = Release|Any CPU
	EndGlobalSection
	GlobalSection(SolutionProperties) = preSolution
		HideSolutionNode = FALSE
	EndGlobalSection
	GlobalSection(ExtensibilityGlobals) = postSolution
		SolutionGuid = {4C7F3EC7-C01C-40E3-8249-F32D870DF527}
	EndGlobalSection
EndGlobal
